
Microsoft Visual Studio Solution File, Format Version 12.00
# Visual Studio 15
VisualStudioVersion = 15.0.28307.168
MinimumVisualStudioVersion = 10.0.40219.1
Project("{FAE04EC0-301F-11D3-BF4B-00C04F79EFBC}") = "ExpensesImport", "ExpensesImport\ExpensesImport.csproj", "{A37D45D5-4D37-4A81-BF1C-C41D09F65113}"
EndProject
Project("{2150E333-8FDC-42A3-9474-1A3956D46DE8}") = "Services", "Services", "{E122ED9D-BEC1-49F9-B2F1-613EA523F5B9}"
EndProject
Project("{FAE04EC0-301F-11D3-BF4B-00C04F79EFBC}") = "ExpensesExport", "ExpensesExport\ExpensesExport.csproj", "{F3E0D3E1-BF08-4DCA-9337-5052F3D07811}"
EndProject
Project("{2150E333-8FDC-42A3-9474-1A3956D46DE8}") = "Infrastructure", "Infrastructure", "{073AABC8-A1F0-474C-B3FA-282EF022DCD9}"
EndProject
Project("{FAE04EC0-301F-11D3-BF4B-00C04F79EFBC}") = "Common", "Common\Common.csproj", "{C40D767C-7A54-4766-A8FC-916D1DE4EBE6}"
EndProject
Project("{FAE04EC0-301F-11D3-BF4B-00C04F79EFBC}") = "Domain", "Domain\Domain.csproj", "{F3C74483-F7EA-48AE-984F-B63452ADCBF4}"
EndProject
Global
	GlobalSection(SolutionConfigurationPlatforms) = preSolution
		Debug|Any CPU = Debug|Any CPU
		Release|Any CPU = Release|Any CPU
	EndGlobalSection
	GlobalSection(ProjectConfigurationPlatforms) = postSolution
		{A37D45D5-4D37-4A81-BF1C-C41D09F65113}.Debug|Any CPU.ActiveCfg = Debug|Any CPU
		{A37D45D5-4D37-4A81-BF1C-C41D09F65113}.Debug|Any CPU.Build.0 = Debug|Any CPU
		{A37D45D5-4D37-4A81-BF1C-C41D09F65113}.Release|Any CPU.ActiveCfg = Release|Any CPU
		{A37D45D5-4D37-4A81-BF1C-C41D09F65113}.Release|Any CPU.Build.0 = Release|Any CPU
		{F3E0D3E1-BF08-4DCA-9337-5052F3D07811}.Debug|Any CPU.ActiveCfg = Debug|Any CPU
		{F3E0D3E1-BF08-4DCA-9337-5052F3D07811}.Debug|Any CPU.Build.0 = Debug|Any CPU
		{F3E0D3E1-BF08-4DCA-9337-5052F3D07811}.Release|Any CPU.ActiveCfg = Release|Any CPU
		{F3E0D3E1-BF08-4DCA-9337-5052F3D07811}.Release|Any CPU.Build.0 = Release|Any CPU
		{C40D767C-7A54-4766-A8FC-916D1DE4EBE6}.Debug|Any CPU.ActiveCfg = Debug|Any CPU
		{C40D767C-7A54-4766-A8FC-916D1DE4EBE6}.Debug|Any CPU.Build.0 = Debug|Any CPU
		{C40D767C-7A54-4766-A8FC-916D1DE4EBE6}.Release|Any CPU.ActiveCfg = Release|Any CPU
		{C40D767C-7A54-4766-A8FC-916D1DE4EBE6}.Release|Any CPU.Build.0 = Release|Any CPU
		{F3C74483-F7EA-48AE-984F-B63452ADCBF4}.Debug|Any CPU.ActiveCfg = Debug|Any CPU
		{F3C74483-F7EA-48AE-984F-B63452ADCBF4}.Debug|Any CPU.Build.0 = Debug|Any CPU
		{F3C74483-F7EA-48AE-984F-B63452ADCBF4}.Release|Any CPU.ActiveCfg = Release|Any CPU
		{F3C74483-F7EA-48AE-984F-B63452ADCBF4}.Release|Any CPU.Build.0 = Release|Any CPU
	EndGlobalSection
	GlobalSection(SolutionProperties) = preSolution
		HideSolutionNode = FALSE
	EndGlobalSection
	GlobalSection(NestedProjects) = preSolution
		{A37D45D5-4D37-4A81-BF1C-C41D09F65113} = {E122ED9D-BEC1-49F9-B2F1-613EA523F5B9}
		{F3E0D3E1-BF08-4DCA-9337-5052F3D07811} = {E122ED9D-BEC1-49F9-B2F1-613EA523F5B9}
		{C40D767C-7A54-4766-A8FC-916D1DE4EBE6} = {073AABC8-A1F0-474C-B3FA-282EF022DCD9}
		{F3C74483-F7EA-48AE-984F-B63452ADCBF4} = {073AABC8-A1F0-474C-B3FA-282EF022DCD9}
	EndGlobalSection
	GlobalSection(ExtensibilityGlobals) = postSolution
		SolutionGuid = {F620715A-170F-4373-965A-201E291412D5}
	EndGlobalSection
EndGlobal
